{
  "nodes": {
    "firefox-addons": {
      "inputs": {
        "flake-utils": "flake-utils",
        "nixpkgs": [
          "nixpkgs"
        ]
      },
      "locked": {
        "dir": "pkgs/firefox-addons",
        "lastModified": 1711080247,
        "narHash": "sha256-INIn5/6anm9rW+DhOfL83O3Z5vka9IQA7WQOA/CyxEU=",
        "owner": "rycee",
        "repo": "nur-expressions",
        "rev": "83a5049cfc2e37d9ef5b540aa01c0e5cc1e2a00f",
        "type": "gitlab"
      },
      "original": {
        "dir": "pkgs/firefox-addons",
        "owner": "rycee",
        "repo": "nur-expressions",
        "rev": "83a5049cfc2e37d9ef5b540aa01c0e5cc1e2a00f",
        "type": "gitlab"
      }
    },
    "flake-utils": {
      "locked": {
        "lastModified": 1629284811,
        "narHash": "sha256-JHgasjPR0/J1J3DRm4KxM4zTyAj4IOJY8vIl75v/kPI=",
        "owner": "numtide",
        "repo": "flake-utils",
        "rev": "c5d161cc0af116a2e17f54316f0bf43f0819785c",
        "type": "github"
      },
      "original": {
        "owner": "numtide",
        "repo": "flake-utils",
        "type": "github"
      }
    },
    "home-manager": {
      "inputs": {
        "nixpkgs": [
          "nixpkgs"
        ]
      },
      "locked": {
        "lastModified": 1727246346,
        "narHash": "sha256-TcUaKtya339Asu+g6KTJ8h7KiKcKXKp2V+At+7tksyY=",
        "owner": "nix-community",
        "repo": "home-manager",
        "rev": "1e22ef1518fb175d762006f9cae7f6312b8caedb",
        "type": "github"
      },
      "original": {
        "owner": "nix-community",
        "repo": "home-manager",
        "type": "github"
      }
    },
    "nix-ld": {
      "inputs": {
        "nixpkgs": [
          "nixpkgs"
        ]
      },
      "locked": {
        "lastModified": 1726227680,
        "narHash": "sha256-pcqHXle7uHQTUESc40Yu0k05cFMRVpm3D8ZHPH6scOY=",
        "owner": "Mic92",
        "repo": "nix-ld",
        "rev": "5ee22be69d8bd66da100157fab54d8dde37c775b",
        "type": "github"
      },
      "original": {
        "owner": "Mic92",
        "repo": "nix-ld",
        "type": "github"
      }
    },
    "nixpkgs": {
      "locked": {
        "lastModified": 1726937504,
        "narHash": "sha256-bvGoiQBvponpZh8ClUcmJ6QnsNKw0EMrCQJARK3bI1c=",
        "owner": "nixos",
        "repo": "nixpkgs",
        "rev": "9357f4f23713673f310988025d9dc261c20e70c6",
        "type": "github"
      },
      "original": {
        "owner": "nixos",
        "ref": "nixos-unstable",
        "repo": "nixpkgs",
        "type": "github"
      }
    },
    "root": {
      "inputs": {
        "firefox-addons": "firefox-addons",
        "home-manager": "home-manager",
        "nix-ld": "nix-ld",
        "nixpkgs": "nixpkgs"
      }
    }
  },
  "root": "root",
  "version": 7
}
